github.com/kataras/golog v0.0.0-20180321173939-03be10146386 h1:VT6AeCHO/mc+VedKBMhoqb5eAK8B1i9F6nZl7EGlHvA=
github.com/kataras/golog v0.0.0-20180321173939-03be10146386/go.mod h1:PcaEvfvhGsqwXZ6S3CgCbmjcp+4UDUh2MIfF2ZEul8M=
github.com/kataras/pio v0.0.0-20190103105442-ea782b38602d h1:V5Rs9ztEWdp58oayPq/ulmlqJJZeJP6pP79uP3qjcao=
github.com/kataras/pio v0.0.0-20190103105442-ea782b38602d/go.mod h1:NV88laa9UiiDuX9AhMbDPkGYSPugBOV6yTZB1l2K9Z0=
github.com/mdp/qrterminal v0.1.2 h1:mxDuioxCrp3Ll9EyzywbzygMTvaZLWWVagwT1lLBCA8=
github.com/mdp/qrterminal v0.1.2/go.mod h1:JHFxKzeFy8lXGu3bkkAZ4EwpmxWtm2laIs1MVvWoBt0=
github.com/mdp/rsc v0.0.0-20160131164516-90f07065088d h1:j7DAJd/z/JtaXjFtlrLV8NHflBsg1rkrTqAJNLqMWBE=
github.com/mdp/rsc v0.0.0-20160131164516-90f07065088d/go.mod h1:fIxvRMy+xQMcJGz9JAV25fJOKMRF1VQY/P8Mrni5XJA=
github.com/pkg/errors v0.8.1 h1:iURUrRGxPUNPdy5/HRSm+Yj6okJ6UtLINN0Q9M4+h3I=
github.com/pkg/errors v0.8.1/go.mod h1:bwawxfHBFNV+L2hUp1rHADufV3IMtnDRdf1r5NINEl0=
